# generated by rye
# use `rye lock` or `rye sync` to update this lockfile
#
# last locked with the following flags:
#   pre: false
#   features: []
#   all-features: false
#   with-sources: false
#   generate-hashes: false
#   universal: false

-e file:.
aiohappyeyeballs==2.4.4
    # via aiohttp
aiohttp==3.10.11
    # via bittensor
    # via bittensor-cli
aiosignal==1.3.2
    # via aiohttp
annotated-types==0.7.0
    # via pydantic
anyio==4.8.0
    # via starlette
async-property==0.2.2
    # via bittensor
    # via bittensor-cli
async-timeout==5.0.1
    # via aiohttp
attrs==24.3.0
    # via aiohttp
    # via jsonschema
    # via referencing
backoff==2.2.1
    # via bittensor-cli
base58==2.1.1
    # via scalecodec
    # via substrate-interface
bittensor==8.5.1
    # via jungo-sdk
bittensor-cli==8.4.2
    # via bittensor
bittensor-commit-reveal==0.1.0
    # via bittensor
bittensor-wallet==2.1.3
    # via bittensor
    # via bittensor-cli
    # via jungo-sdk
bt-decode==0.4.0
    # via bittensor
    # via bittensor-cli
certifi==2024.12.14
    # via requests
    # via substrate-interface
cffi==1.17.1
    # via cryptography
    # via pynacl
charset-normalizer==3.4.1
    # via requests
click==8.1.8
    # via typer
    # via uvicorn
colorama==0.4.6
    # via bittensor
cryptography==43.0.3
    # via bittensor-wallet
cytoolz==1.0.1
    # via eth-utils
decorator==5.1.1
    # via retry
ecdsa==0.19.0
    # via substrate-interface
eth-hash==0.7.0
    # via eth-utils
eth-keys==0.6.0
    # via substrate-interface
eth-typing==5.1.0
    # via eth-keys
    # via eth-utils
eth-utils==2.2.2
    # via bittensor-wallet
    # via eth-keys
    # via substrate-interface
exceptiongroup==1.2.2
    # via anyio
    # via pytest
fastapi==0.110.3
    # via bittensor
    # via jungo-sdk
frozenlist==1.5.0
    # via aiohttp
    # via aiosignal
fuzzywuzzy==0.18.0
    # via bittensor-cli
gitdb==4.0.12
    # via gitpython
gitpython==3.1.44
    # via bittensor-cli
h11==0.14.0
    # via uvicorn
idna==3.10
    # via anyio
    # via requests
    # via substrate-interface
    # via yarl
iniconfig==2.0.0
    # via pytest
jinja2==3.1.5
    # via bittensor-cli
json-rpc==1.15.0
    # via jungo-sdk
jsonschema==4.23.0
    # via rpc-subnet
jsonschema-specifications==2024.10.1
    # via jsonschema
jungo-sdk @ git+https://github.com/jungoai/jungo-sdk@4a77a35eb0314c2d441433fef708877eef096f73
    # via rpc-subnet
levenshtein==0.26.1
    # via python-levenshtein
markdown-it-py==3.0.0
    # via rich
markupsafe==3.0.2
    # via jinja2
    # via werkzeug
mdurl==0.1.2
    # via markdown-it-py
more-itertools==10.5.0
    # via scalecodec
msgpack==1.1.0
    # via msgpack-numpy-opentensor
msgpack-numpy-opentensor==0.5.0
    # via bittensor
multidict==6.1.0
    # via aiohttp
    # via yarl
munch==2.5.0
    # via bittensor
    # via bittensor-wallet
nest-asyncio==1.6.0
    # via bittensor
netaddr==1.3.0
    # via bittensor
    # via bittensor-cli
numpy==2.0.2
    # via bittensor
    # via bittensor-cli
    # via msgpack-numpy-opentensor
packaging==24.2
    # via bittensor
    # via pytest
password-strength==0.0.3.post2
    # via bittensor-wallet
pluggy==1.5.0
    # via pytest
propcache==0.2.1
    # via yarl
py==1.11.0
    # via retry
py-bip39-bindings==0.1.11
    # via bittensor-wallet
    # via substrate-interface
py-ed25519-zebra-bindings==1.2.0
    # via substrate-interface
py-sr25519-bindings==0.2.1
    # via substrate-interface
pycparser==2.22
    # via cffi
pycryptodome==3.21.0
    # via bittensor
    # via bittensor-cli
    # via substrate-interface
pydantic==2.10.5
    # via bittensor
    # via fastapi
    # via jungo-sdk
pydantic-core==2.27.2
    # via pydantic
pygments==2.19.1
    # via rich
pynacl==1.5.0
    # via substrate-interface
pytest==8.3.4
    # via bittensor-cli
    # via jungo-sdk
python-levenshtein==0.26.1
    # via bittensor
    # via bittensor-cli
python-statemachine==2.5.0
    # via bittensor
pyyaml==6.0.2
    # via bittensor
    # via bittensor-cli
rapidfuzz==3.11.0
    # via levenshtein
referencing==0.36.2
    # via jsonschema
    # via jsonschema-specifications
requests==2.32.3
    # via bittensor
    # via jungo-sdk
    # via scalecodec
    # via substrate-interface
retry==0.9.2
    # via bittensor
rich==13.9.4
    # via bittensor
    # via bittensor-cli
    # via bittensor-wallet
    # via jungo-sdk
    # via typer
rpds-py==0.22.3
    # via jsonschema
    # via referencing
scalecodec==1.2.11
    # via bittensor
    # via bittensor-cli
    # via substrate-interface
setuptools==70.0.0
    # via bittensor
shellingham==1.5.4
    # via typer
six==1.17.0
    # via ecdsa
    # via munch
    # via password-strength
smmap==5.0.2
    # via gitdb
sniffio==1.3.1
    # via anyio
starlette==0.37.2
    # via fastapi
substrate-interface==1.7.11
    # via bittensor
    # via bittensor-cli
    # via bittensor-wallet
termcolor==2.5.0
    # via bittensor-wallet
toml==0.10.0
    # via bt-decode
tomli==2.2.1
    # via pytest
toolz==1.0.0
    # via cytoolz
typer==0.15.1
    # via bittensor-cli
typing-extensions==4.12.2
    # via anyio
    # via eth-typing
    # via fastapi
    # via multidict
    # via pydantic
    # via pydantic-core
    # via referencing
    # via rich
    # via typer
    # via uvicorn
urllib3==2.3.0
    # via requests
uvicorn==0.34.0
    # via bittensor
websocket-client==1.8.0
    # via substrate-interface
websockets==14.1
    # via bittensor
    # via bittensor-cli
werkzeug==3.1.3
    # via jungo-sdk
wheel==0.45.1
    # via bittensor
    # via bittensor-cli
xxhash==3.5.0
    # via substrate-interface
yarl==1.18.3
    # via aiohttp
